// !$*UTF8*$!
{
	archiveVersion = 1;
	classes = {
	};
	objectVersion = 46;
	objects = {

/* Begin PBXBuildFile section */
		30EAC49D18A07FBD009517DA /* Foundation.framework in Frameworks */ = {isa = PBXBuildFile; fileRef = 30EAC49C18A07FBD009517DA /* Foundation.framework */; };
		30EAC49F18A07FBD009517DA /* CoreGraphics.framework in Frameworks */ = {isa = PBXBuildFile; fileRef = 30EAC49E18A07FBD009517DA /* CoreGraphics.framework */; };
		30EAC4A118A07FBD009517DA /* UIKit.framework in Frameworks */ = {isa = PBXBuildFile; fileRef = 30EAC4A018A07FBD009517DA /* UIKit.framework */; };
		30EAC4A718A07FBD009517DA /* InfoPlist.strings in Resources */ = {isa = PBXBuildFile; fileRef = 30EAC4A518A07FBD009517DA /* InfoPlist.strings */; };
		30EAC4A918A07FBD009517DA /* main.m in Sources */ = {isa = PBXBuildFile; fileRef = 30EAC4A818A07FBD009517DA /* main.m */; };
		30EAC4AD18A07FBD009517DA /* AppDelegate.m in Sources */ = {isa = PBXBuildFile; fileRef = 30EAC4AC18A07FBD009517DA /* AppDelegate.m */; };
		30EAC4B018A07FBD009517DA /* Main.storyboard in Resources */ = {isa = PBXBuildFile; fileRef = 30EAC4AE18A07FBD009517DA /* Main.storyboard */; };
		30EAC4B318A07FBD009517DA /* ViewController.m in Sources */ = {isa = PBXBuildFile; fileRef = 30EAC4B218A07FBD009517DA /* ViewController.m */; };
		30EAC4B518A07FBD009517DA /* Images.xcassets in Resources */ = {isa = PBXBuildFile; fileRef = 30EAC4B418A07FBD009517DA /* Images.xcassets */; };
		30EAC4BC18A07FBD009517DA /* XCTest.framework in Frameworks */ = {isa = PBXBuildFile; fileRef = 30EAC4BB18A07FBD009517DA /* XCTest.framework */; };
		30EAC4BD18A07FBD009517DA /* Foundation.framework in Frameworks */ = {isa = PBXBuildFile; fileRef = 30EAC49C18A07FBD009517DA /* Foundation.framework */; };
		30EAC4BE18A07FBD009517DA /* UIKit.framework in Frameworks */ = {isa = PBXBuildFile; fileRef = 30EAC4A018A07FBD009517DA /* UIKit.framework */; };
		30EAC4C618A07FBD009517DA /* InfoPlist.strings in Resources */ = {isa = PBXBuildFile; fileRef = 30EAC4C418A07FBD009517DA /* InfoPlist.strings */; };
		30EAC4C818A07FBD009517DA /* MindMappingTests.m in Sources */ = {isa = PBXBuildFile; fileRef = 30EAC4C718A07FBD009517DA /* MindMappingTests.m */; };
/* End PBXBuildFile section */

/* Begin PBXContainerItemProxy section */
		30EAC4BF18A07FBD009517DA /* PBXContainerItemProxy */ = {
			isa = PBXContainerItemProxy;
			containerPortal = 30EAC49118A07FBD009517DA /* Project object */;
			proxyType = 1;
			remoteGlobalIDString = 30EAC49818A07FBD009517DA;
			remoteInfo = MindMapping;
		};
/* End PBXContainerItemProxy section */

/* Begin PBXFileReference section */
		30EAC49918A07FBD009517DA /* MindMapping.app */ = {isa = PBXFileReference; explicitFileType = wrapper.application; includeInIndex = 0; path = MindMapping.app; sourceTree = BUILT_PRODUCTS_DIR; };
		30EAC49C18A07FBD009517DA /* Foundation.framework */ = {isa = PBXFileReference; lastKnownFileType = wrapper.framework; name = Foundation.framework; path = System/Library/Frameworks/Foundation.framework; sourceTree = SDKROOT; };
		30EAC49E18A07FBD009517DA /* CoreGraphics.framework */ = {isa = PBXFileReference; lastKnownFileType = wrapper.framework; name = CoreGraphics.framework; path = System/Library/Frameworks/CoreGraphics.framework; sourceTree = SDKROOT; };
		30EAC4A018A07FBD009517DA /* UIKit.framework */ = {isa = PBXFileReference; lastKnownFileType = wrapper.framework; name = UIKit.framework; path = System/Library/Frameworks/UIKit.framework; sourceTree = SDKROOT; };
		30EAC4A418A07FBD009517DA /* MindMapping-Info.plist */ = {isa = PBXFileReference; lastKnownFileType = text.plist.xml; path = "MindMapping-Info.plist"; sourceTree = "<group>"; };
		30EAC4A618A07FBD009517DA /* en */ = {isa = PBXFileReference; lastKnownFileType = text.plist.strings; name = en; path = en.lproj/InfoPlist.strings; sourceTree = "<group>"; };
		30EAC4A818A07FBD009517DA /* main.m */ = {isa = PBXFileReference; lastKnownFileType = sourcecode.c.objc; path = main.m; sourceTree = "<group>"; };
		30EAC4AA18A07FBD009517DA /* MindMapping-Prefix.pch */ = {isa = PBXFileReference; lastKnownFileType = sourcecode.c.h; path = "MindMapping-Prefix.pch"; sourceTree = "<group>"; };
		30EAC4AB18A07FBD009517DA /* AppDelegate.h */ = {isa = PBXFileReference; lastKnownFileType = sourcecode.c.h; path = AppDelegate.h; sourceTree = "<group>"; };
		30EAC4AC18A07FBD009517DA /* AppDelegate.m */ = {isa = PBXFileReference; lastKnownFileType = sourcecode.c.objc; path = AppDelegate.m; sourceTree = "<group>"; };
		30EAC4AF18A07FBD009517DA /* Base */ = {isa = PBXFileReference; lastKnownFileType = file.storyboard; name = Base; path = Base.lproj/Main.storyboard; sourceTree = "<group>"; };
		30EAC4B118A07FBD009517DA /* ViewController.h */ = {isa = PBXFileReference; lastKnownFileType = sourcecode.c.h; path = ViewController.h; sourceTree = "<group>"; };
		30EAC4B218A07FBD009517DA /* ViewController.m */ = {isa = PBXFileReference; lastKnownFileType = sourcecode.c.objc; path = ViewController.m; sourceTree = "<group>"; };
		30EAC4B418A07FBD009517DA /* Images.xcassets */ = {isa = PBXFileReference; lastKnownFileType = folder.assetcatalog; path = Images.xcassets; sourceTree = "<group>"; };
		30EAC4BA18A07FBD009517DA /* MindMappingTests.xctest */ = {isa = PBXFileReference; explicitFileType = wrapper.cfbundle; includeInIndex = 0; path = MindMappingTests.xctest; sourceTree = BUILT_PRODUCTS_DIR; };
		30EAC4BB18A07FBD009517DA /* XCTest.framework */ = {isa = PBXFileReference; lastKnownFileType = wrapper.framework; name = XCTest.framework; path = Library/Frameworks/XCTest.framework; sourceTree = DEVELOPER_DIR; };
		30EAC4C318A07FBD009517DA /* MindMappingTests-Info.plist */ = {isa = PBXFileReference; lastKnownFileType = text.plist.xml; path = "MindMappingTests-Info.plist"; sourceTree = "<group>"; };
		30EAC4C518A07FBD009517DA /* en */ = {isa = PBXFileReference; lastKnownFileType = text.plist.strings; name = en; path = en.lproj/InfoPlist.strings; sourceTree = "<group>"; };
		30EAC4C718A07FBD009517DA /* MindMappingTests.m */ = {isa = PBXFileReference; lastKnownFileType = sourcecode.c.objc; path = MindMappingTests.m; sourceTree = "<group>"; };
/* End PBXFileReference section */

/* Begin PBXFrameworksBuildPhase section */
		30EAC49618A07FBD009517DA /* Frameworks */ = {
			isa = PBXFrameworksBuildPhase;
			buildActionMask = 2147483647;
			files = (
				30EAC49F18A07FBD009517DA /* CoreGraphics.framework in Frameworks */,
				30EAC4A118A07FBD009517DA /* UIKit.framework in Frameworks */,
				30EAC49D18A07FBD009517DA /* Foundation.framework in Frameworks */,
			);
			runOnlyForDeploymentPostprocessing = 0;
		};
		30EAC4B718A07FBD009517DA /* Frameworks */ = {
			isa = PBXFrameworksBuildPhase;
			buildActionMask = 2147483647;
			files = (
				30EAC4BC18A07FBD009517DA /* XCTest.framework in Frameworks */,
				30EAC4BE18A07FBD009517DA /* UIKit.framework in Frameworks */,
				30EAC4BD18A07FBD009517DA /* Foundation.framework in Frameworks */,
			);
			runOnlyForDeploymentPostprocessing = 0;
		};
/* End PBXFrameworksBuildPhase section */

/* Begin PBXGroup section */
		30EAC49018A07FBD009517DA = {
			isa = PBXGroup;
			children = (
				30EAC4A218A07FBD009517DA /* MindMapping */,
				30EAC4C118A07FBD009517DA /* MindMappingTests */,
				30EAC49B18A07FBD009517DA /* Frameworks */,
				30EAC49A18A07FBD009517DA /* Products */,
			);
			sourceTree = "<group>";
		};
		30EAC49A18A07FBD009517DA /* Products */ = {
			isa = PBXGroup;
			children = (
				30EAC49918A07FBD009517DA /* MindMapping.app */,
				30EAC4BA18A07FBD009517DA /* MindMappingTests.xctest */,
			);
			name = Products;
			sourceTree = "<group>";
		};
		30EAC49B18A07FBD009517DA /* Frameworks */ = {
			isa = PBXGroup;
			children = (
				30EAC49C18A07FBD009517DA /* Foundation.framework */,
				30EAC49E18A07FBD009517DA /* CoreGraphics.framework */,
				30EAC4A018A07FBD009517DA /* UIKit.framework */,
				30EAC4BB18A07FBD009517DA /* XCTest.framework */,
			);
			name = Frameworks;
			sourceTree = "<group>";
		};
		30EAC4A218A07FBD009517DA /* MindMapping */ = {
			isa = PBXGroup;
			children = (
				30EAC4AB18A07FBD009517DA /* AppDelegate.h */,
				30EAC4AC18A07FBD009517DA /* AppDelegate.m */,
				30EAC4AE18A07FBD009517DA /* Main.storyboard */,
				30EAC4B118A07FBD009517DA /* ViewController.h */,
				30EAC4B218A07FBD009517DA /* ViewController.m */,
				30EAC4B418A07FBD009517DA /* Images.xcassets */,
				30EAC4A318A07FBD009517DA /* Supporting Files */,
			);
			path = MindMapping;
			sourceTree = "<group>";
		};
		30EAC4A318A07FBD009517DA /* Supporting Files */ = {
			isa = PBXGroup;
			children = (
				30EAC4A418A07FBD009517DA /* MindMapping-Info.plist */,
				30EAC4A518A07FBD009517DA /* InfoPlist.strings */,
				30EAC4A818A07FBD009517DA /* main.m */,
				30EAC4AA18A07FBD009517DA /* MindMapping-Prefix.pch */,
			);
			name = "Supporting Files";
			sourceTree = "<group>";
		};
		30EAC4C118A07FBD009517DA /* MindMappingTests */ = {
			isa = PBXGroup;
			children = (
				30EAC4C718A07FBD009517DA /* MindMappingTests.m */,
				30EAC4C218A07FBD009517DA /* Supporting Files */,
			);
			path = MindMappingTests;
			sourceTree = "<group>";
		};
		30EAC4C218A07FBD009517DA /* Supporting Files */ = {
			isa = PBXGroup;
			children = (
				30EAC4C318A07FBD009517DA /* MindMappingTests-Info.plist */,
				30EAC4C418A07FBD009517DA /* InfoPlist.strings */,
			);
			name = "Supporting Files";
			sourceTree = "<group>";
		};
/* End PBXGroup section */

/* Begin PBXNativeTarget section */
		30EAC49818A07FBD009517DA /* MindMapping */ = {
			isa = PBXNativeTarget;
			buildConfigurationList = 30EAC4CB18A07FBD009517DA /* Build configuration list for PBXNativeTarget "MindMapping" */;
			buildPhases = (
				30EAC49518A07FBD009517DA /* Sources */,
				30EAC49618A07FBD009517DA /* Frameworks */,
				30EAC49718A07FBD009517DA /* Resources */,
			);
			buildRules = (
			);
			dependencies = (
			);
			name = MindMapping;
			productName = MindMapping;
			productReference = 30EAC49918A07FBD009517DA /* MindMapping.app */;
			productType = "com.apple.product-type.application";
		};
		30EAC4B918A07FBD009517DA /* MindMappingTests */ = {
			isa = PBXNativeTarget;
			buildConfigurationList = 30EAC4CE18A07FBD009517DA /* Build configuration list for PBXNativeTarget "MindMappingTests" */;
			buildPhases = (
				30EAC4B618A07FBD009517DA /* Sources */,
				30EAC4B718A07FBD009517DA /* Frameworks */,
				30EAC4B818A07FBD009517DA /* Resources */,
			);
			buildRules = (
			);
			dependencies = (
				30EAC4C018A07FBD009517DA /* PBXTargetDependency */,
			);
			name = MindMappingTests;
			productName = MindMappingTests;
			productReference = 30EAC4BA18A07FBD009517DA /* MindMappingTests.xctest */;
			productType = "com.apple.product-type.bundle.unit-test";
		};
/* End PBXNativeTarget section */

/* Begin PBXProject section */
		30EAC49118A07FBD009517DA /* Project object */ = {
			isa = PBXProject;
			attributes = {
				LastUpgradeCheck = 0500;
				ORGANIZATIONNAME = Media;
				TargetAttributes = {
					30EAC4B918A07FBD009517DA = {
						TestTargetID = 30EAC49818A07FBD009517DA;
					};
				};
			};
			buildConfigurationList = 30EAC49418A07FBD009517DA /* Build configuration list for PBXProject "MindMapping" */;
			compatibilityVersion = "Xcode 3.2";
			developmentRegion = English;
			hasScannedForEncodings = 0;
			knownRegions = (
				en,
				Base,
			);
			mainGroup = 30EAC49018A07FBD009517DA;
			productRefGroup = 30EAC49A18A07FBD009517DA /* Products */;
			projectDirPath = "";
			projectRoot = "";
			targets = (
				30EAC49818A07FBD009517DA /* MindMapping */,
				30EAC4B918A07FBD009517DA /* MindMappingTests */,
			);
		};
/* End PBXProject section */

/* Begin PBXResourcesBuildPhase section */
		30EAC49718A07FBD009517DA /* Resources */ = {
			isa = PBXResourcesBuildPhase;
			buildActionMask = 2147483647;
			files = (
				30EAC4B518A07FBD009517DA /* Images.xcassets in Resources */,
				30EAC4A718A07FBD009517DA /* InfoPlist.strings in Resources */,
				30EAC4B018A07FBD009517DA /* Main.storyboard in Resources */,
			);
			runOnlyForDeploymentPostprocessing = 0;
		};
		30EAC4B818A07FBD009517DA /* Resources */ = {
			isa = PBXResourcesBuildPhase;
			buildActionMask = 2147483647;
			files = (
				30EAC4C618A07FBD009517DA /* InfoPlist.strings in Resources */,
			);
			runOnlyForDeploymentPostprocessing = 0;
		};
/* End PBXResourcesBuildPhase section */

/* Begin PBXSourcesBuildPhase section */
		30EAC49518A07FBD009517DA /* Sources */ = {
			isa = PBXSourcesBuildPhase;
			buildActionMask = 2147483647;
			files = (
				30EAC4B318A07FBD009517DA /* ViewController.m in Sources */,
				30EAC4AD18A07FBD009517DA /* AppDelegate.m in Sources */,
				30EAC4A918A07FBD009517DA /* main.m in Sources */,
			);
			runOnlyForDeploymentPostprocessing = 0;
		};
		30EAC4B618A07FBD009517DA /* Sources */ = {
			isa = PBXSourcesBuildPhase;
			buildActionMask = 2147483647;
			files = (
				30EAC4C818A07FBD009517DA /* MindMappingTests.m in Sources */,
			);
			runOnlyForDeploymentPostprocessing = 0;
		};
/* End PBXSourcesBuildPhase section */

/* Begin PBXTargetDependency section */
		30EAC4C018A07FBD009517DA /* PBXTargetDependency */ = {
			isa = PBXTargetDependency;
			target = 30EAC49818A07FBD009517DA /* MindMapping */;
			targetProxy = 30EAC4BF18A07FBD009517DA /* PBXContainerItemProxy */;
		};
/* End PBXTargetDependency section */

/* Begin PBXVariantGroup section */
		30EAC4A518A07FBD009517DA /* InfoPlist.strings */ = {
			isa = PBXVariantGroup;
			children = (
				30EAC4A618A07FBD009517DA /* en */,
			);
			name = InfoPlist.strings;
			sourceTree = "<group>";
		};
		30EAC4AE18A07FBD009517DA /* Main.storyboard */ = {
			isa = PBXVariantGroup;
			children = (
				30EAC4AF18A07FBD009517DA /* Base */,
			);
			name = Main.storyboard;
			sourceTree = "<group>";
		};
		30EAC4C418A07FBD009517DA /* InfoPlist.strings */ = {
			isa = PBXVariantGroup;
			children = (
				30EAC4C518A07FBD009517DA /* en */,
			);
			name = InfoPlist.strings;
			sourceTree = "<group>";
		};
/* End PBXVariantGroup section */

/* Begin XCBuildConfiguration section */
		30EAC4C918A07FBD009517DA /* Debug */ = {
			isa = XCBuildConfiguration;
			buildSettings = {
				ALWAYS_SEARCH_USER_PATHS = NO;
				ARCHS = "$(ARCHS_STANDARD_INCLUDING_64_BIT)";
				CLANG_CXX_LANGUAGE_STANDARD = "gnu++0x";
				CLANG_CXX_LIBRARY = "libc++";
				CLANG_ENABLE_MODULES = YES;
				CLANG_ENABLE_OBJC_ARC = YES;
				CLANG_WARN_BOOL_CONVERSION = YES;
				CLANG_WARN_CONSTANT_CONVERSION = YES;
				CLANG_WARN_DIRECT_OBJC_ISA_USAGE = YES_ERROR;
				CLANG_WARN_EMPTY_BODY = YES;
				CLANG_WARN_ENUM_CONVERSION = YES;
				CLANG_WARN_INT_CONVERSION = YES;
				CLANG_WARN_OBJC_ROOT_CLASS = YES_ERROR;
				CLANG_WARN__DUPLICATE_METHOD_MATCH = YES;
				"CODE_SIGN_IDENTITY[sdk=iphoneos*]" = "iPhone Developer";
				COPY_PHASE_STRIP = NO;
				GCC_C_LANGUAGE_STANDARD = gnu99;
				GCC_DYNAMIC_NO_PIC = NO;
				GCC_OPTIMIZATION_LEVEL = 0;
				GCC_PREPROCESSOR_DEFINITIONS = (
					"DEBUG=1",
					"$(inherited)",
				);
				GCC_SYMBOLS_PRIVATE_EXTERN = NO;
				GCC_WARN_64_TO_32_BIT_CONVERSION = YES;
				GCC_WARN_ABOUT_RETURN_TYPE = YES_ERROR;
				GCC_WARN_UNDECLARED_SELECTOR = YES;
				GCC_WARN_UNINITIALIZED_AUTOS = YES;
				GCC_WARN_UNUSED_FUNCTION = YES;
				GCC_WARN_UNUSED_VARIABLE = YES;
				IPHONEOS_DEPLOYMENT_TARGET = 7.0;
				ONLY_ACTIVE_ARCH = YES;
				SDKROOT = iphoneos;
			};
			name = Debug;
		};
		30EAC4CA18A07FBD009517DA /* Release */ = {
			isa = XCBuildConfiguration;
			buildSettings = {
				ALWAYS_SEARCH_USER_PATHS = NO;
				ARCHS = "$(ARCHS_STANDARD_INCLUDING_64_BIT)";
				CLANG_CXX_LANGUAGE_STANDARD = "gnu++0x";
				CLANG_CXX_LIBRARY = "libc++";
				CLANG_ENABLE_MODULES = YES;
				CLANG_ENABLE_OBJC_ARC = YES;
				CLANG_WARN_BOOL_CONVERSION = YES;
				CLANG_WARN_CONSTANT_CONVERSION = YES;
				CLANG_WARN_DIRECT_OBJC_ISA_USAGE = YES_ERROR;
				CLANG_WARN_EMPTY_BODY = YES;
				CLANG_WARN_ENUM_CONVERSION = YES;
				CLANG_WARN_INT_CONVERSION = YES;
				CLANG_WARN_OBJC_ROOT_CLASS = YES_ERROR;
				CLANG_WARN__DUPLICATE_METHOD_MATCH = YES;
				"CODE_SIGN_IDENTITY[sdk=iphoneos*]" = "iPhone Developer";
				COPY_PHASE_STRIP = YES;
				ENABLE_NS_ASSERTIONS = NO;
				GCC_C_LANGUAGE_STANDARD = gnu99;
				GCC_WARN_64_TO_32_BIT_CONVERSION = YES;
				GCC_WARN_ABOUT_RETURN_TYPE = YES_ERROR;
				GCC_WARN_UNDECLARED_SELECTOR = YES;
				GCC_WARN_UNINITIALIZED_AUTOS = YES;
				GCC_WARN_UNUSED_FUNCTION = YES;
				GCC_WARN_UNUSED_VARIABLE = YES;
				IPHONEOS_DEPLOYMENT_TARGET = 7.0;
				SDKROOT = iphoneos;
				VALIDATE_PRODUCT = YES;
			};
			name = Release;
		};
		30EAC4CC18A07FBD009517DA /* Debug */ = {
			isa = XCBuildConfiguration;
			buildSettings = {
				ASSETCATALOG_COMPILER_APPICON_NAME = AppIcon;
				ASSETCATALOG_COMPILER_LAUNCHIMAGE_NAME = LaunchImage;
				GCC_PRECOMPILE_PREFIX_HEADER = YES;
				GCC_PREFIX_HEADER = "MindMapping/MindMapping-Prefix.pch";
				INFOPLIST_FILE = "MindMapping/MindMapping-Info.plist";
				PRODUCT_NAME = "$(TARGET_NAME)";
				WRAPPER_EXTENSION = app;
			};
			name = Debug;
		};
		30EAC4CD18A07FBD009517DA /* Release */ = {
			isa = XCBuildConfiguration;
			buildSettings = {
				ASSETCATALOG_COMPILER_APPICON_NAME = AppIcon;
				ASSETCATALOG_COMPILER_LAUNCHIMAGE_NAME = LaunchImage;
				GCC_PRECOMPILE_PREFIX_HEADER = YES;
				GCC_PREFIX_HEADER = "MindMapping/MindMapping-Prefix.pch";
				INFOPLIST_FILE = "MindMapping/MindMapping-Info.plist";
				PRODUCT_NAME = "$(TARGET_NAME)";
				WRAPPER_EXTENSION = app;
			};
			name = Release;
		};
		30EAC4CF18A07FBD009517DA /* Debug */ = {
			isa = XCBuildConfiguration;
			buildSettings = {
				ARCHS = "$(ARCHS_STANDARD_INCLUDING_64_BIT)";
				BUNDLE_LOADER = "$(BUILT_PRODUCTS_DIR)/MindMapping.app/MindMapping";
				FRAMEWORK_SEARCH_PATHS = (
					"$(SDKROOT)/Developer/Library/Frameworks",
					"$(inherited)",
					"$(DEVELOPER_FRAMEWORKS_DIR)",
				);
				GCC_PRECOMPILE_PREFIX_HEADER = YES;
				GCC_PREFIX_HEADER = "MindMapping/MindMapping-Prefix.pch";
				GCC_PREPROCESSOR_DEFINITIONS = (
					"DEBUG=1",
					"$(inherited)",
				);
				INFOPLIST_FILE = "MindMappingTests/MindMappingTests-Info.plist";
				PRODUCT_NAME = "$(TARGET_NAME)";
				TEST_HOST = "$(BUNDLE_LOADER)";
				WRAPPER_EXTENSION = xctest;
			};
			name = Debug;
		};
		30EAC4D018A07FBD009517DA /* Release */ = {
			isa = XCBuildConfiguration;
			buildSettings = {
				ARCHS = "$(ARCHS_STANDARD_INCLUDING_64_BIT)";
				BUNDLE_LOADER = "$(BUILT_PRODUCTS_DIR)/MindMapping.app/MindMapping";
				FRAMEWORK_SEARCH_PATHS = (
					"$(SDKROOT)/Developer/Library/Frameworks",
					"$(inherited)",
					"$(DEVELOPER_FRAMEWORKS_DIR)",
				);
				GCC_PRECOMPILE_PREFIX_HEADER = YES;
				GCC_PREFIX_HEADER = "MindMapping/MindMapping-Prefix.pch";
				INFOPLIST_FILE = "MindMappingTests/MindMappingTests-Info.plist";
				PRODUCT_NAME = "$(TARGET_NAME)";
				TEST_HOST = "$(BUNDLE_LOADER)";
				WRAPPER_EXTENSION = xctest;
			};
			name = Release;
		};
/* End XCBuildConfiguration section */

/* Begin XCConfigurationList section */
		30EAC49418A07FBD009517DA /* Build configuration list for PBXProject "MindMapping" */ = {
			isa = XCConfigurationList;
			buildConfigurations = (
				30EAC4C918A07FBD009517DA /* Debug */,
				30EAC4CA18A07FBD009517DA /* Release */,
			);
			defaultConfigurationIsVisible = 0;
			defaultConfigurationName = Release;
		};
		30EAC4CB18A07FBD009517DA /* Build configuration list for PBXNativeTarget "MindMapping" */ = {
			isa = XCConfigurationList;
			buildConfigurations = (
				30EAC4CC18A07FBD009517DA /* Debug */,
				30EAC4CD18A07FBD009517DA /* Release */,
			);
			defaultConfigurationIsVisible = 0;
		};
		30EAC4CE18A07FBD009517DA /* Build configuration list for PBXNativeTarget "MindMappingTests" */ = {
			isa = XCConfigurationList;
			buildConfigurations = (
				30EAC4CF18A07FBD009517DA /* Debug */,
				30EAC4D018A07FBD009517DA /* Release */,
			);
			defaultConfigurationIsVisible = 0;
		};
/* End XCConfigurationList section */
	};
	rootObject = 30EAC49118A07FBD009517DA /* Project object */;
}
